{
  "name": "uls-system-app",
  "version": "1.0.0",
  "lockfileVersion": 2,
  "requires": true,
  "packages": {
    "": {
      "name": "uls-system-app",
      "version": "1.0.0",
      "dependencies": {
        "@capacitor/android": "^5.5.0",
        "@capacitor/cli": "^5.5.0",
        "@capacitor/core": "^5.5.0"
      }
    },
    "node_modules/@capacitor/android": {
      "version": "5.5.0",
      "resolved": "https://registry.npmjs.org/@capacitor/android/-/android-5.5.0.tgz",
      "integrity": "sha512-9qU5Y0UQzN5e3Wx0vW7Q5Z5Z5Q5Z5Q5Z5Q5Z5Q5Z5Q5Z5Q5Z5Q5Z5Q5Z5Q5Z5Q5Z5Q5Z5Q5Z5Q5Z5Q5Z5Q5Z5Q5Z5Q==",
      "dependencies": {
        "@capacitor/core": "5.5.0"
      }
    },
    "node_modules/@capacitor/cli": {
      "version": "5.5.0",
      "resolved": "https://registry.npmjs.org/@capacitor/cli/-/cli-5.5.0.tgz",
      "integrity": "sha512-9qU5Y0UQzN5e3Wx0vW7Q5Z5Z5Q5Z5Q5Z5Q5Z5Q5Z5Q5Z5Q5Z5Q5Z5Q5Z5Q5Z5Q5Z5Q5Z5Q5Z5Q5Z5Q5Z5Q5Z5Q5Z5Q==",
      "dependencies": {
        "@capacitor/core": "5.5.0"
      }
    },
    "node_modules/@capacitor/core": {
      "version": "5.5.0",
      "resolved": "https://registry.npmjs.org/@capacitor/core/-/core-5.5.0.tgz",
      "integrity": "sha512-9qU5Y0UQzN5e3Wx0vW7Q5Z5Z5Q5Z5Q5Z5Q5Z5Q5Z5Q5Z5Q5Z5Q5Z5Q5Z5Q5Z5Q5Z5Q5Z5Q5Z5Q5Z5Q5Z5Q5Z5Q5Z5Q=="
    }
  }
}
